{
  "name": "@junctionrelay/shaders-root",
  "lockfileVersion": 3,
  "requires": true,
  "packages": {
    "": {
      "name": "@junctionrelay/shaders-root",
      "workspaces": [
        "packages/*"
      ],
      "devDependencies": {
        "@webgpu/glslang": "^0.0.15"
      }
    },
    "node_modules/@junctionrelay/shader-sdk": {
      "resolved": "packages/sdk",
      "link": true
    },
    "node_modules/@webgpu/glslang": {
      "version": "0.0.15",
      "resolved": "https://registry.npmjs.org/@webgpu/glslang/-/glslang-0.0.15.tgz",
      "integrity": "sha512-niT+Prh3Aff8Uf1MVBVUsaNjFj9rJAKDXuoHIKiQbB+6IUP/3J3JIhBNyZ7lDhytvXxw6ppgnwKZdDJ08UMj4Q==",
      "dev": true,
      "license": "glslang/LICENSE.txt"
    },
    "packages/sdk": {
      "name": "@junctionrelay/shader-sdk",
      "version": "1.0.0",
      "license": "MIT"
    }
  }
}
